// !$*UTF8*$!
{
	archiveVersion = 1;
	classes = {
	};
	objectVersion = 77;
	objects = {

/* Begin PBXBuildFile section */
		7A04B00F2F05DE220090270A /* CLAUDE.md in Resources */ = {isa = PBXBuildFile; fileRef = 7A04B00E2F05DE220090270A /* CLAUDE.md */; };
		7A04B0112F05DEF20090270A /* dev_plan.md in Resources */ = {isa = PBXBuildFile; fileRef = 7A04B0102F05DEF20090270A /* dev_plan.md */; };
/* End PBXBuildFile section */

/* Begin PBXContainerItemProxy section */
		7A04AFEF2F05DAA50090270A /* PBXContainerItemProxy */ = {
			isa = PBXContainerItemProxy;
			containerPortal = 7A04AFCD2F05DAA40090270A /* Project object */;
			proxyType = 1;
			remoteGlobalIDString = 7A04AFD42F05DAA40090270A;
			remoteInfo = FlyingFrogs;
		};
		7A04AFF92F05DAA50090270A /* PBXContainerItemProxy */ = {
			isa = PBXContainerItemProxy;
			containerPortal = 7A04AFCD2F05DAA40090270A /* Project object */;
			proxyType = 1;
			remoteGlobalIDString = 7A04AFD42F05DAA40090270A;
			remoteInfo = FlyingFrogs;
		};
/* End PBXContainerItemProxy section */

/* Begin PBXFileReference section */
		7A04AFD52F05DAA40090270A /* FlyingFrogs.app */ = {isa = PBXFileReference; explicitFileType = wrapper.application; includeInIndex = 0; path = FlyingFrogs.app; sourceTree = BUILT_PRODUCTS_DIR; };
		7A04AFEE2F05DAA50090270A /* FlyingFrogsTests.xctest */ = {isa = PBXFileReference; explicitFileType = wrapper.cfbundle; includeInIndex = 0; path = FlyingFrogsTests.xctest; sourceTree = BUILT_PRODUCTS_DIR; };
		7A04AFF82F05DAA50090270A /* FlyingFrogsUITests.xctest */ = {isa = PBXFileReference; explicitFileType = wrapper.cfbundle; includeInIndex = 0; path = FlyingFrogsUITests.xctest; sourceTree = BUILT_PRODUCTS_DIR; };
		7A04B00E2F05DE220090270A /* CLAUDE.md */ = {isa = PBXFileReference; lastKnownFileType = net.daringfireball.markdown; path = CLAUDE.md; sourceTree = "<group>"; };
		7A04B0102F05DEF20090270A /* dev_plan.md */ = {isa = PBXFileReference; lastKnownFileType = net.daringfireball.markdown; path = dev_plan.md; sourceTree = "<group>"; };
/* End PBXFileReference section */

/* Begin PBXFileSystemSynchronizedRootGroup section */
		7A04AFD72F05DAA40090270A /* FlyingFrogs */ = {
			isa = PBXFileSystemSynchronizedRootGroup;
			path = FlyingFrogs;
			sourceTree = "<group>";
		};
		7A04AFF12F05DAA50090270A /* FlyingFrogsTests */ = {
			isa = PBXFileSystemSynchronizedRootGroup;
			path = FlyingFrogsTests;
			sourceTree = "<group>";
		};
		7A04AFFB2F05DAA50090270A /* FlyingFrogsUITests */ = {
			isa = PBXFileSystemSynchronizedRootGroup;
			path = FlyingFrogsUITests;
			sourceTree = "<group>";
		};
/* End PBXFileSystemSynchronizedRootGroup section */

/* Begin PBXFrameworksBuildPhase section */
		7A04AFD22F05DAA40090270A /* Frameworks */ = {
			isa = PBXFrameworksBuildPhase;
			buildActionMask = 2147483647;
			files = (
			);
			runOnlyForDeploymentPostprocessing = 0;
		};
		7A04AFEB2F05DAA50090270A /* Frameworks */ = {
			isa = PBXFrameworksBuildPhase;
			buildActionMask = 2147483647;
			files = (
			);
			runOnlyForDeploymentPostprocessing = 0;
		};
		7A04AFF52F05DAA50090270A /* Frameworks */ = {
			isa = PBXFrameworksBuildPhase;
			buildActionMask = 2147483647;
			files = (
			);
			runOnlyForDeploymentPostprocessing = 0;
		};
/* End PBXFrameworksBuildPhase section */

/* Begin PBXGroup section */
		7A04AFCC2F05DAA40090270A = {
			isa = PBXGroup;
			children = (
				7A04B0102F05DEF20090270A /* dev_plan.md */,
				7A04B00E2F05DE220090270A /* CLAUDE.md */,
				7A04AFD72F05DAA40090270A /* FlyingFrogs */,
				7A04AFF12F05DAA50090270A /* FlyingFrogsTests */,
				7A04AFFB2F05DAA50090270A /* FlyingFrogsUITests */,
				7A04AFD62F05DAA40090270A /* Products */,
			);
			sourceTree = "<group>";
		};
		7A04AFD62F05DAA40090270A /* Products */ = {
			isa = PBXGroup;
			children = (
				7A04AFD52F05DAA40090270A /* FlyingFrogs.app */,
				7A04AFEE2F05DAA50090270A /* FlyingFrogsTests.xctest */,
				7A04AFF82F05DAA50090270A /* FlyingFrogsUITests.xctest */,
			);
			name = Products;
			sourceTree = "<group>";
		};
/* End PBXGroup section */

/* Begin PBXNativeTarget section */
		7A04AFD42F05DAA40090270A /* FlyingFrogs */ = {
			isa = PBXNativeTarget;
			buildConfigurationList = 7A04B0022F05DAA50090270A /* Build configuration list for PBXNativeTarget "FlyingFrogs" */;
			buildPhases = (
				7A04AFD12F05DAA40090270A /* Sources */,
				7A04AFD22F05DAA40090270A /* Frameworks */,
				7A04AFD32F05DAA40090270A /* Resources */,
			);
			buildRules = (
			);
			dependencies = (
			);
			fileSystemSynchronizedGroups = (
				7A04AFD72F05DAA40090270A /* FlyingFrogs */,
			);
			name = FlyingFrogs;
			packageProductDependencies = (
			);
			productName = FlyingFrogs;
			productReference = 7A04AFD52F05DAA40090270A /* FlyingFrogs.app */;
			productType = "com.apple.product-type.application";
		};
		7A04AFED2F05DAA50090270A /* FlyingFrogsTests */ = {
			isa = PBXNativeTarget;
			buildConfigurationList = 7A04B0052F05DAA50090270A /* Build configuration list for PBXNativeTarget "FlyingFrogsTests" */;
			buildPhases = (
				7A04AFEA2F05DAA50090270A /* Sources */,
				7A04AFEB2F05DAA50090270A /* Frameworks */,
				7A04AFEC2F05DAA50090270A /* Resources */,
			);
			buildRules = (
			);
			dependencies = (
				7A04AFF02F05DAA50090270A /* PBXTargetDependency */,
			);
			fileSystemSynchronizedGroups = (
				7A04AFF12F05DAA50090270A /* FlyingFrogsTests */,
			);
			name = FlyingFrogsTests;
			packageProductDependencies = (
			);
			productName = FlyingFrogsTests;
			productReference = 7A04AFEE2F05DAA50090270A /* FlyingFrogsTests.xctest */;
			productType = "com.apple.product-type.bundle.unit-test";
		};
		7A04AFF72F05DAA50090270A /* FlyingFrogsUITests */ = {
			isa = PBXNativeTarget;
			buildConfigurationList = 7A04B0082F05DAA50090270A /* Build configuration list for PBXNativeTarget "FlyingFrogsUITests" */;
			buildPhases = (
				7A04AFF42F05DAA50090270A /* Sources */,
				7A04AFF52F05DAA50090270A /* Frameworks */,
				7A04AFF62F05DAA50090270A /* Resources */,
			);
			buildRules = (
			);
			dependencies = (
				7A04AFFA2F05DAA50090270A /* PBXTargetDependency */,
			);
			fileSystemSynchronizedGroups = (
				7A04AFFB2F05DAA50090270A /* FlyingFrogsUITests */,
			);
			name = FlyingFrogsUITests;
			packageProductDependencies = (
			);
			productName = FlyingFrogsUITests;
			productReference = 7A04AFF82F05DAA50090270A /* FlyingFrogsUITests.xctest */;
			productType = "com.apple.product-type.bundle.ui-testing";
		};
/* End PBXNativeTarget section */

/* Begin PBXProject section */
		7A04AFCD2F05DAA40090270A /* Project object */ = {
			isa = PBXProject;
			attributes = {
				BuildIndependentTargetsInParallel = 1;
				LastSwiftUpdateCheck = 2620;
				LastUpgradeCheck = 2620;
				TargetAttributes = {
					7A04AFD42F05DAA40090270A = {
						CreatedOnToolsVersion = 26.2;
					};
					7A04AFED2F05DAA50090270A = {
						CreatedOnToolsVersion = 26.2;
						TestTargetID = 7A04AFD42F05DAA40090270A;
					};
					7A04AFF72F05DAA50090270A = {
						CreatedOnToolsVersion = 26.2;
						TestTargetID = 7A04AFD42F05DAA40090270A;
					};
				};
			};
			buildConfigurationList = 7A04AFD02F05DAA40090270A /* Build configuration list for PBXProject "FlyingFrogs" */;
			developmentRegion = en;
			hasScannedForEncodings = 0;
			knownRegions = (
				en,
				Base,
			);
			mainGroup = 7A04AFCC2F05DAA40090270A;
			minimizedProjectReferenceProxies = 1;
			preferredProjectObjectVersion = 77;
			productRefGroup = 7A04AFD62F05DAA40090270A /* Products */;
			projectDirPath = "";
			projectRoot = "";
			targets = (
				7A04AFD42F05DAA40090270A /* FlyingFrogs */,
				7A04AFED2F05DAA50090270A /* FlyingFrogsTests */,
				7A04AFF72F05DAA50090270A /* FlyingFrogsUITests */,
			);
		};
/* End PBXProject section */

/* Begin PBXResourcesBuildPhase section */
		7A04AFD32F05DAA40090270A /* Resources */ = {
			isa = PBXResourcesBuildPhase;
			buildActionMask = 2147483647;
			files = (
				7A04B0112F05DEF20090270A /* dev_plan.md in Resources */,
				7A04B00F2F05DE220090270A /* CLAUDE.md in Resources */,
			);
			runOnlyForDeploymentPostprocessing = 0;
		};
		7A04AFEC2F05DAA50090270A /* Resources */ = {
			isa = PBXResourcesBuildPhase;
			buildActionMask = 2147483647;
			files = (
			);
			runOnlyForDeploymentPostprocessing = 0;
		};
		7A04AFF62F05DAA50090270A /* Resources */ = {
			isa = PBXResourcesBuildPhase;
			buildActionMask = 2147483647;
			files = (
			);
			runOnlyForDeploymentPostprocessing = 0;
		};
/* End PBXResourcesBuildPhase section */

/* Begin PBXSourcesBuildPhase section */
		7A04AFD12F05DAA40090270A /* Sources */ = {
			isa = PBXSourcesBuildPhase;
			buildActionMask = 2147483647;
			files = (
			);
			runOnlyForDeploymentPostprocessing = 0;
		};
		7A04AFEA2F05DAA50090270A /* Sources */ = {
			isa = PBXSourcesBuildPhase;
			buildActionMask = 2147483647;
			files = (
			);
			runOnlyForDeploymentPostprocessing = 0;
		};
		7A04AFF42F05DAA50090270A /* Sources */ = {
			isa = PBXSourcesBuildPhase;
			buildActionMask = 2147483647;
			files = (
			);
			runOnlyForDeploymentPostprocessing = 0;
		};
/* End PBXSourcesBuildPhase section */

/* Begin PBXTargetDependency section */
		7A04AFF02F05DAA50090270A /* PBXTargetDependency */ = {
			isa = PBXTargetDependency;
			target = 7A04AFD42F05DAA40090270A /* FlyingFrogs */;
			targetProxy = 7A04AFEF2F05DAA50090270A /* PBXContainerItemProxy */;
		};
		7A04AFFA2F05DAA50090270A /* PBXTargetDependency */ = {
			isa = PBXTargetDependency;
			target = 7A04AFD42F05DAA40090270A /* FlyingFrogs */;
			targetProxy = 7A04AFF92F05DAA50090270A /* PBXContainerItemProxy */;
		};
/* End PBXTargetDependency section */

/* Begin XCBuildConfiguration section */
		7A04B0002F05DAA50090270A /* Debug */ = {
			isa = XCBuildConfiguration;
			buildSettings = {
				ALWAYS_SEARCH_USER_PATHS = NO;
				ASSETCATALOG_COMPILER_GENERATE_SWIFT_ASSET_SYMBOL_EXTENSIONS = YES;
				CLANG_ANALYZER_NONNULL = YES;
				CLANG_ANALYZER_NUMBER_OBJECT_CONVERSION = YES_AGGRESSIVE;
				CLANG_CXX_LANGUAGE_STANDARD = "gnu++20";
				CLANG_ENABLE_MODULES = YES;
				CLANG_ENABLE_OBJC_ARC = YES;
				CLANG_ENABLE_OBJC_WEAK = YES;
				CLANG_WARN_BLOCK_CAPTURE_AUTORELEASING = YES;
				CLANG_WARN_BOOL_CONVERSION = YES;
				CLANG_WARN_COMMA = YES;
				CLANG_WARN_CONSTANT_CONVERSION = YES;
				CLANG_WARN_DEPRECATED_OBJC_IMPLEMENTATIONS = YES;
				CLANG_WARN_DIRECT_OBJC_ISA_USAGE = YES_ERROR;
				CLANG_WARN_DOCUMENTATION_COMMENTS = YES;
				CLANG_WARN_EMPTY_BODY = YES;
				CLANG_WARN_ENUM_CONVERSION = YES;
				CLANG_WARN_INFINITE_RECURSION = YES;
				CLANG_WARN_INT_CONVERSION = YES;
				CLANG_WARN_NON_LITERAL_NULL_CONVERSION = YES;
				CLANG_WARN_OBJC_IMPLICIT_RETAIN_SELF = YES;
				CLANG_WARN_OBJC_LITERAL_CONVERSION = YES;
				CLANG_WARN_OBJC_ROOT_CLASS = YES_ERROR;
				CLANG_WARN_QUOTED_INCLUDE_IN_FRAMEWORK_HEADER = YES;
				CLANG_WARN_RANGE_LOOP_ANALYSIS = YES;
				CLANG_WARN_STRICT_PROTOTYPES = YES;
				CLANG_WARN_SUSPICIOUS_MOVE = YES;
				CLANG_WARN_UNGUARDED_AVAILABILITY = YES_AGGRESSIVE;
				CLANG_WARN_UNREACHABLE_CODE = YES;
				CLANG_WARN__DUPLICATE_METHOD_MATCH = YES;
				COPY_PHASE_STRIP = NO;
				DEBUG_INFORMATION_FORMAT = dwarf;
				DEVELOPMENT_TEAM = J7V5ZY3XA2;
				ENABLE_STRICT_OBJC_MSGSEND = YES;
				ENABLE_TESTABILITY = YES;
				ENABLE_USER_SCRIPT_SANDBOXING = YES;
				GCC_C_LANGUAGE_STANDARD = gnu17;
				GCC_DYNAMIC_NO_PIC = NO;
				GCC_NO_COMMON_BLOCKS = YES;
				GCC_OPTIMIZATION_LEVEL = 0;
				GCC_PREPROCESSOR_DEFINITIONS = (
					"DEBUG=1",
					"$(inherited)",
				);
				GCC_WARN_64_TO_32_BIT_CONVERSION = YES;
				GCC_WARN_ABOUT_RETURN_TYPE = YES_ERROR;
				GCC_WARN_UNDECLARED_SELECTOR = YES;
				GCC_WARN_UNINITIALIZED_AUTOS = YES_AGGRESSIVE;
				GCC_WARN_UNUSED_FUNCTION = YES;
				GCC_WARN_UNUSED_VARIABLE = YES;
				IPHONEOS_DEPLOYMENT_TARGET = 26.2;
				LOCALIZATION_PREFERS_STRING_CATALOGS = YES;
				MTL_ENABLE_DEBUG_INFO = INCLUDE_SOURCE;
				MTL_FAST_MATH = YES;
				ONLY_ACTIVE_ARCH = YES;
				SDKROOT = iphoneos;
				SWIFT_ACTIVE_COMPILATION_CONDITIONS = "DEBUG $(inherited)";
				SWIFT_OPTIMIZATION_LEVEL = "-Onone";
			};
			name = Debug;
		};
		7A04B0012F05DAA50090270A /* Release */ = {
			isa = XCBuildConfiguration;
			buildSettings = {
				ALWAYS_SEARCH_USER_PATHS = NO;
				ASSETCATALOG_COMPILER_GENERATE_SWIFT_ASSET_SYMBOL_EXTENSIONS = YES;
				CLANG_ANALYZER_NONNULL = YES;
				CLANG_ANALYZER_NUMBER_OBJECT_CONVERSION = YES_AGGRESSIVE;
				CLANG_CXX_LANGUAGE_STANDARD = "gnu++20";
				CLANG_ENABLE_MODULES = YES;
				CLANG_ENABLE_OBJC_ARC = YES;
				CLANG_ENABLE_OBJC_WEAK = YES;
				CLANG_WARN_BLOCK_CAPTURE_AUTORELEASING = YES;
				CLANG_WARN_BOOL_CONVERSION = YES;
				CLANG_WARN_COMMA = YES;
				CLANG_WARN_CONSTANT_CONVERSION = YES;
				CLANG_WARN_DEPRECATED_OBJC_IMPLEMENTATIONS = YES;
				CLANG_WARN_DIRECT_OBJC_ISA_USAGE = YES_ERROR;
				CLANG_WARN_DOCUMENTATION_COMMENTS = YES;
				CLANG_WARN_EMPTY_BODY = YES;
				CLANG_WARN_ENUM_CONVERSION = YES;
				CLANG_WARN_INFINITE_RECURSION = YES;
				CLANG_WARN_INT_CONVERSION = YES;
				CLANG_WARN_NON_LITERAL_NULL_CONVERSION = YES;
				CLANG_WARN_OBJC_IMPLICIT_RETAIN_SELF = YES;
				CLANG_WARN_OBJC_LITERAL_CONVERSION = YES;
				CLANG_WARN_OBJC_ROOT_CLASS = YES_ERROR;
				CLANG_WARN_QUOTED_INCLUDE_IN_FRAMEWORK_HEADER = YES;
				CLANG_WARN_RANGE_LOOP_ANALYSIS = YES;
				CLANG_WARN_STRICT_PROTOTYPES = YES;
				CLANG_WARN_SUSPICIOUS_MOVE = YES;
				CLANG_WARN_UNGUARDED_AVAILABILITY = YES_AGGRESSIVE;
				CLANG_WARN_UNREACHABLE_CODE = YES;
				CLANG_WARN__DUPLICATE_METHOD_MATCH = YES;
				COPY_PHASE_STRIP = NO;
				DEBUG_INFORMATION_FORMAT = "dwarf-with-dsym";
				DEVELOPMENT_TEAM = J7V5ZY3XA2;
				ENABLE_NS_ASSERTIONS = NO;
				ENABLE_STRICT_OBJC_MSGSEND = YES;
				ENABLE_USER_SCRIPT_SANDBOXING = YES;
				GCC_C_LANGUAGE_STANDARD = gnu17;
				GCC_NO_COMMON_BLOCKS = YES;
				GCC_WARN_64_TO_32_BIT_CONVERSION = YES;
				GCC_WARN_ABOUT_RETURN_TYPE = YES_ERROR;
				GCC_WARN_UNDECLARED_SELECTOR = YES;
				GCC_WARN_UNINITIALIZED_AUTOS = YES_AGGRESSIVE;
				GCC_WARN_UNUSED_FUNCTION = YES;
				GCC_WARN_UNUSED_VARIABLE = YES;
				IPHONEOS_DEPLOYMENT_TARGET = 26.2;
				LOCALIZATION_PREFERS_STRING_CATALOGS = YES;
				MTL_ENABLE_DEBUG_INFO = NO;
				MTL_FAST_MATH = YES;
				SDKROOT = iphoneos;
				SWIFT_COMPILATION_MODE = wholemodule;
				VALIDATE_PRODUCT = YES;
			};
			name = Release;
		};
		7A04B0032F05DAA50090270A /* Debug */ = {
			isa = XCBuildConfiguration;
			buildSettings = {
				ASSETCATALOG_COMPILER_APPICON_NAME = AppIcon;
				ASSETCATALOG_COMPILER_GLOBAL_ACCENT_COLOR_NAME = AccentColor;
				CODE_SIGN_STYLE = Automatic;
				CURRENT_PROJECT_VERSION = 1;
				DEVELOPMENT_TEAM = J7V5ZY3XA2;
				GENERATE_INFOPLIST_FILE = YES;
				INFOPLIST_KEY_UIApplicationSupportsIndirectInputEvents = YES;
				INFOPLIST_KEY_UILaunchStoryboardName = LaunchScreen;
				INFOPLIST_KEY_UIMainStoryboardFile = Main;
				INFOPLIST_KEY_UIStatusBarHidden = YES;
				INFOPLIST_KEY_UISupportedInterfaceOrientations_iPad = "UIInterfaceOrientationPortrait UIInterfaceOrientationPortraitUpsideDown UIInterfaceOrientationLandscapeLeft UIInterfaceOrientationLandscapeRight";
				INFOPLIST_KEY_UISupportedInterfaceOrientations_iPhone = "UIInterfaceOrientationPortrait UIInterfaceOrientationLandscapeLeft UIInterfaceOrientationLandscapeRight";
				IPHONEOS_DEPLOYMENT_TARGET = 16.6;
				LD_RUNPATH_SEARCH_PATHS = (
					"$(inherited)",
					"@executable_path/Frameworks",
				);
				MARKETING_VERSION = 1.0;
				PRODUCT_BUNDLE_IDENTIFIER = com.alexi.FlyingFrogs;
				PRODUCT_NAME = "$(TARGET_NAME)";
				STRING_CATALOG_GENERATE_SYMBOLS = YES;
				SWIFT_APPROACHABLE_CONCURRENCY = YES;
				SWIFT_DEFAULT_ACTOR_ISOLATION = MainActor;
				SWIFT_EMIT_LOC_STRINGS = YES;
				SWIFT_UPCOMING_FEATURE_MEMBER_IMPORT_VISIBILITY = YES;
				SWIFT_VERSION = 5.0;
				TARGETED_DEVICE_FAMILY = "1,2";
			};
			name = Debug;
		};
		7A04B0042F05DAA50090270A /* Release */ = {
			isa = XCBuildConfiguration;
			buildSettings = {
				ASSETCATALOG_COMPILER_APPICON_NAME = AppIcon;
				ASSETCATALOG_COMPILER_GLOBAL_ACCENT_COLOR_NAME = AccentColor;
				CODE_SIGN_STYLE = Automatic;
				CURRENT_PROJECT_VERSION = 1;
				DEVELOPMENT_TEAM = J7V5ZY3XA2;
				GENERATE_INFOPLIST_FILE = YES;
				INFOPLIST_KEY_UIApplicationSupportsIndirectInputEvents = YES;
				INFOPLIST_KEY_UILaunchStoryboardName = LaunchScreen;
				INFOPLIST_KEY_UIMainStoryboardFile = Main;
				INFOPLIST_KEY_UIStatusBarHidden = YES;
				INFOPLIST_KEY_UISupportedInterfaceOrientations_iPad = "UIInterfaceOrientationPortrait UIInterfaceOrientationPortraitUpsideDown UIInterfaceOrientationLandscapeLeft UIInterfaceOrientationLandscapeRight";
				INFOPLIST_KEY_UISupportedInterfaceOrientations_iPhone = "UIInterfaceOrientationPortrait UIInterfaceOrientationLandscapeLeft UIInterfaceOrientationLandscapeRight";
				IPHONEOS_DEPLOYMENT_TARGET = 16.6;
				LD_RUNPATH_SEARCH_PATHS = (
					"$(inherited)",
					"@executable_path/Frameworks",
				);
				MARKETING_VERSION = 1.0;
				PRODUCT_BUNDLE_IDENTIFIER = com.alexi.FlyingFrogs;
				PRODUCT_NAME = "$(TARGET_NAME)";
				STRING_CATALOG_GENERATE_SYMBOLS = YES;
				SWIFT_APPROACHABLE_CONCURRENCY = YES;
				SWIFT_DEFAULT_ACTOR_ISOLATION = MainActor;
				SWIFT_EMIT_LOC_STRINGS = YES;
				SWIFT_UPCOMING_FEATURE_MEMBER_IMPORT_VISIBILITY = YES;
				SWIFT_VERSION = 5.0;
				TARGETED_DEVICE_FAMILY = "1,2";
			};
			name = Release;
		};
		7A04B0062F05DAA50090270A /* Debug */ = {
			isa = XCBuildConfiguration;
			buildSettings = {
				BUNDLE_LOADER = "$(TEST_HOST)";
				CODE_SIGN_STYLE = Automatic;
				CURRENT_PROJECT_VERSION = 1;
				DEVELOPMENT_TEAM = J7V5ZY3XA2;
				GENERATE_INFOPLIST_FILE = YES;
				IPHONEOS_DEPLOYMENT_TARGET = 26.2;
				MARKETING_VERSION = 1.0;
				PRODUCT_BUNDLE_IDENTIFIER = com.alexi.FlyingFrogsTests;
				PRODUCT_NAME = "$(TARGET_NAME)";
				STRING_CATALOG_GENERATE_SYMBOLS = NO;
				SWIFT_APPROACHABLE_CONCURRENCY = YES;
				SWIFT_EMIT_LOC_STRINGS = NO;
				SWIFT_UPCOMING_FEATURE_MEMBER_IMPORT_VISIBILITY = YES;
				SWIFT_VERSION = 5.0;
				TARGETED_DEVICE_FAMILY = "1,2";
				TEST_HOST = "$(BUILT_PRODUCTS_DIR)/FlyingFrogs.app/$(BUNDLE_EXECUTABLE_FOLDER_PATH)/FlyingFrogs";
			};
			name = Debug;
		};
		7A04B0072F05DAA50090270A /* Release */ = {
			isa = XCBuildConfiguration;
			buildSettings = {
				BUNDLE_LOADER = "$(TEST_HOST)";
				CODE_SIGN_STYLE = Automatic;
				CURRENT_PROJECT_VERSION = 1;
				DEVELOPMENT_TEAM = J7V5ZY3XA2;
				GENERATE_INFOPLIST_FILE = YES;
				IPHONEOS_DEPLOYMENT_TARGET = 26.2;
				MARKETING_VERSION = 1.0;
				PRODUCT_BUNDLE_IDENTIFIER = com.alexi.FlyingFrogsTests;
				PRODUCT_NAME = "$(TARGET_NAME)";
				STRING_CATALOG_GENERATE_SYMBOLS = NO;
				SWIFT_APPROACHABLE_CONCURRENCY = YES;
				SWIFT_EMIT_LOC_STRINGS = NO;
				SWIFT_UPCOMING_FEATURE_MEMBER_IMPORT_VISIBILITY = YES;
				SWIFT_VERSION = 5.0;
				TARGETED_DEVICE_FAMILY = "1,2";
				TEST_HOST = "$(BUILT_PRODUCTS_DIR)/FlyingFrogs.app/$(BUNDLE_EXECUTABLE_FOLDER_PATH)/FlyingFrogs";
			};
			name = Release;
		};
		7A04B0092F05DAA50090270A /* Debug */ = {
			isa = XCBuildConfiguration;
			buildSettings = {
				CODE_SIGN_STYLE = Automatic;
				CURRENT_PROJECT_VERSION = 1;
				DEVELOPMENT_TEAM = J7V5ZY3XA2;
				GENERATE_INFOPLIST_FILE = YES;
				MARKETING_VERSION = 1.0;
				PRODUCT_BUNDLE_IDENTIFIER = com.alexi.FlyingFrogsUITests;
				PRODUCT_NAME = "$(TARGET_NAME)";
				STRING_CATALOG_GENERATE_SYMBOLS = NO;
				SWIFT_APPROACHABLE_CONCURRENCY = YES;
				SWIFT_EMIT_LOC_STRINGS = NO;
				SWIFT_UPCOMING_FEATURE_MEMBER_IMPORT_VISIBILITY = YES;
				SWIFT_VERSION = 5.0;
				TARGETED_DEVICE_FAMILY = "1,2";
				TEST_TARGET_NAME = FlyingFrogs;
			};
			name = Debug;
		};
		7A04B00A2F05DAA50090270A /* Release */ = {
			isa = XCBuildConfiguration;
			buildSettings = {
				CODE_SIGN_STYLE = Automatic;
				CURRENT_PROJECT_VERSION = 1;
				DEVELOPMENT_TEAM = J7V5ZY3XA2;
				GENERATE_INFOPLIST_FILE = YES;
				MARKETING_VERSION = 1.0;
				PRODUCT_BUNDLE_IDENTIFIER = com.alexi.FlyingFrogsUITests;
				PRODUCT_NAME = "$(TARGET_NAME)";
				STRING_CATALOG_GENERATE_SYMBOLS = NO;
				SWIFT_APPROACHABLE_CONCURRENCY = YES;
				SWIFT_EMIT_LOC_STRINGS = NO;
				SWIFT_UPCOMING_FEATURE_MEMBER_IMPORT_VISIBILITY = YES;
				SWIFT_VERSION = 5.0;
				TARGETED_DEVICE_FAMILY = "1,2";
				TEST_TARGET_NAME = FlyingFrogs;
			};
			name = Release;
		};
/* End XCBuildConfiguration section */

/* Begin XCConfigurationList section */
		7A04AFD02F05DAA40090270A /* Build configuration list for PBXProject "FlyingFrogs" */ = {
			isa = XCConfigurationList;
			buildConfigurations = (
				7A04B0002F05DAA50090270A /* Debug */,
				7A04B0012F05DAA50090270A /* Release */,
			);
			defaultConfigurationIsVisible = 0;
			defaultConfigurationName = Release;
		};
		7A04B0022F05DAA50090270A /* Build configuration list for PBXNativeTarget "FlyingFrogs" */ = {
			isa = XCConfigurationList;
			buildConfigurations = (
				7A04B0032F05DAA50090270A /* Debug */,
				7A04B0042F05DAA50090270A /* Release */,
			);
			defaultConfigurationIsVisible = 0;
			defaultConfigurationName = Release;
		};
		7A04B0052F05DAA50090270A /* Build configuration list for PBXNativeTarget "FlyingFrogsTests" */ = {
			isa = XCConfigurationList;
			buildConfigurations = (
				7A04B0062F05DAA50090270A /* Debug */,
				7A04B0072F05DAA50090270A /* Release */,
			);
			defaultConfigurationIsVisible = 0;
			defaultConfigurationName = Release;
		};
		7A04B0082F05DAA50090270A /* Build configuration list for PBXNativeTarget "FlyingFrogsUITests" */ = {
			isa = XCConfigurationList;
			buildConfigurations = (
				7A04B0092F05DAA50090270A /* Debug */,
				7A04B00A2F05DAA50090270A /* Release */,
			);
			defaultConfigurationIsVisible = 0;
			defaultConfigurationName = Release;
		};
/* End XCConfigurationList section */
	};
	rootObject = 7A04AFCD2F05DAA40090270A /* Project object */;
}
